{
  "nodes": {
    "ac-host": {
      "inputs": {
        "nixpkgs": [
          "nixpkgs"
        ]
      },
      "locked": {
        "lastModified": 1789683946,
        "narHash": "sha256-dFdPAf72Xc4PgzlHRszTBPW/RWx+8fTbj2lKkT5rA9U=",
        "owner": "imkarrer",
        "repo": "ac-host",
        "rev": "4005bb389e7f5b4698e91fe05f2dca927c3f551f",
        "type": "github"
      },
      "original": {
        "owner": "imkarrer",
        "repo": "ac-host",
        "type": "github"
      }
    },
    "agent-hub": {
      "inputs": {
        "nixpkgs": [
          "nixpkgs"
        ]
      },
      "locked": {
        "lastModified": 1789669324,
        "narHash": "sha256-hw/PuoRmWx082Zulx4rCcl7+vfrfqfG+SfDR0Nd6dCg=",
        "owner": "imkarrer",
        "repo": "agent-hub",
        "rev": "6a15c4149c90ac4849a5353fe4ef4f234fac1eb5",
        "type": "github"
      },
      "original": {
        "owner": "imkarrer",
        "repo": "agent-hub",
        "type": "github"
      }
    },
    "home-arcade": {
      "locked": {
        "lastModified": 1789562441,
        "narHash": "sha256-JAFnI8S3dUo4gm5EA9lBM2PXCa7O+z1p5x7t4qaJRuQ=",
        "owner": "imkarrer",
        "repo": "home-arcade",
        "rev": "789f994776121ef64fcee665f103e183f5443f3a",
        "type": "github"
      },
      "original": {
        "owner": "imkarrer",
        "repo": "home-arcade",
        "type": "github"
      }
    },
    "nixpkgs": {
      "locked": {
        "lastModified": 1787962033,
        "narHash": "sha256-u6z9VTZA4Kf3RkHQo9sQI7NI4Ei/uiU9vrMqOiwWP1Y=",
        "owner": "NixOS",
        "repo": "nixpkgs",
        "rev": "c5c4a43b0e8056328ec4529f735cabdb8f1942bb",
        "type": "github"
      },
      "original": {
        "owner": "NixOS",
        "repo": "nixpkgs",
        "rev": "c5c4a43b0e8056328ec4529f735cabdb8f1942bb",
        "type": "github"
      }
    },
    "root": {
      "inputs": {
        "ac-host": "ac-host",
        "agent-hub": "agent-hub",
        "home-arcade": "home-arcade",
        "nixpkgs": "nixpkgs",
        "sops-nix": "sops-nix"
      }
    },
    "sops-nix": {
      "inputs": {
        "nixpkgs": [
          "nixpkgs"
        ]
      },
      "locked": {
        "lastModified": 1788914643,
        "narHash": "sha256-4GuMPW90JSxXWDPUB9M+1m7fYbe3H0apOd86/zBQ2Kw=",
        "owner": "Mic92",
        "repo": "sops-nix",
        "rev": "13616fff713a9f94055c66f15687ebdc17a335df",
        "type": "github"
      },
      "original": {
        "owner": "Mic92",
        "repo": "sops-nix",
        "type": "github"
      }
    }
  },
  "root": "root",
  "version": 7
}
