{
  "nodes": {
    "ac-host": {
      "inputs": {
        "nixpkgs": [
          "nixpkgs"
        ]
      },
      "locked": {
        "lastModified": 1788828384,
        "narHash": "sha256-BaUpvbzJgBEwoeUS+dTJGYl8Zn+2WXh4DUEkugIUYps=",
        "owner": "imkarrer",
        "repo": "ac-host",
        "rev": "40e9f4810037c3904858065cfab4d7ef343b7081",
        "type": "github"
      },
      "original": {
        "owner": "imkarrer",
        "repo": "ac-host",
        "type": "github"
      }
    },
    "agent-hub": {
      "inputs": {
        "nixpkgs": [
          "nixpkgs"
        ]
      },
      "locked": {
        "lastModified": 1788840560,
        "narHash": "sha256-QNh4xcuUATD8Epg3z8UKxutjx34+0sshC6h6bAn/ILI=",
        "owner": "imkarrer",
        "repo": "agent-hub",
        "rev": "a2b781eda7a984b0f2cc333bc32fccf98a264086",
        "type": "github"
      },
      "original": {
        "owner": "imkarrer",
        "repo": "agent-hub",
        "type": "github"
      }
    },
    "home-arcade": {
      "locked": {
        "lastModified": 1789234838,
        "narHash": "sha256-ae6QuPHEqZm02xeTqXk/bFH4rBUn0DeKOYVd5t7Itvg=",
        "owner": "imkarrer",
        "repo": "home-arcade",
        "rev": "e8ceb189b4ed245a04d29c1eaf3d3d77d6b2973f",
        "type": "github"
      },
      "original": {
        "owner": "imkarrer",
        "repo": "home-arcade",
        "type": "github"
      }
    },
    "nixpkgs": {
      "locked": {
        "lastModified": 1787962033,
        "narHash": "sha256-u6z9VTZA4Kf3RkHQo9sQI7NI4Ei/uiU9vrMqOiwWP1Y=",
        "owner": "NixOS",
        "repo": "nixpkgs",
        "rev": "c5c4a43b0e8056328ec4529f735cabdb8f1942bb",
        "type": "github"
      },
      "original": {
        "owner": "NixOS",
        "repo": "nixpkgs",
        "rev": "c5c4a43b0e8056328ec4529f735cabdb8f1942bb",
        "type": "github"
      }
    },
    "root": {
      "inputs": {
        "ac-host": "ac-host",
        "agent-hub": "agent-hub",
        "home-arcade": "home-arcade",
        "nixpkgs": "nixpkgs"
      }
    }
  },
  "root": "root",
  "version": 7
}
